
Microsoft Visual Studio Solution File, Format Version 12.00
# Visual Studio Version 16
VisualStudioVersion = 16.0.32106.194
MinimumVisualStudioVersion = 10.0.40219.1
Project("{FAE04EC0-301F-11D3-BF4B-00C04F79EFBC}") = "LoopAssignment", "LoopAssignment\LoopAssignment.csproj", "{7E80C478-04D3-461C-A4A2-FB3E149F8206}"
EndProject
Global
	GlobalSection(SolutionConfigurationPlatforms) = preSolution
		Debug|Any CPU = Debug|Any CPU
		Release|Any CPU = Release|Any CPU
	EndGlobalSection
	GlobalSection(ProjectConfigurationPlatforms) = postSolution
		{7E80C478-04D3-461C-A4A2-FB3E149F8206}.Debug|Any CPU.ActiveCfg = Debug|Any CPU
		{7E80C478-04D3-461C-A4A2-FB3E149F8206}.Debug|Any CPU.Build.0 = Debug|Any CPU
		{7E80C478-04D3-461C-A4A2-FB3E149F8206}.Release|Any CPU.ActiveCfg = Release|Any CPU
		{7E80C478-04D3-461C-A4A2-FB3E149F8206}.Release|Any CPU.Build.0 = Release|Any CPU
	EndGlobalSection
	GlobalSection(SolutionProperties) = preSolution
		HideSolutionNode = FALSE
	EndGlobalSection
	GlobalSection(ExtensibilityGlobals) = postSolution
		SolutionGuid = {FE3BEF9E-E169-4DAB-9684-577518719E63}
	EndGlobalSection
EndGlobal
