
Microsoft Visual Studio Solution File, Format Version 12.00
# Visual Studio Version 16
VisualStudioVersion = 16.0.32106.194
MinimumVisualStudioVersion = 10.0.40219.1
Project("{FAE04EC0-301F-11D3-BF4B-00C04F79EFBC}") = "ConstructorAssignment", "ConstructorAssignment\ConstructorAssignment.csproj", "{598FDCE8-C196-4C0F-9AB2-10AF9FBE499C}"
EndProject
Global
	GlobalSection(SolutionConfigurationPlatforms) = preSolution
		Debug|Any CPU = Debug|Any CPU
		Release|Any CPU = Release|Any CPU
	EndGlobalSection
	GlobalSection(ProjectConfigurationPlatforms) = postSolution
		{598FDCE8-C196-4C0F-9AB2-10AF9FBE499C}.Debug|Any CPU.ActiveCfg = Debug|Any CPU
		{598FDCE8-C196-4C0F-9AB2-10AF9FBE499C}.Debug|Any CPU.Build.0 = Debug|Any CPU
		{598FDCE8-C196-4C0F-9AB2-10AF9FBE499C}.Release|Any CPU.ActiveCfg = Release|Any CPU
		{598FDCE8-C196-4C0F-9AB2-10AF9FBE499C}.Release|Any CPU.Build.0 = Release|Any CPU
	EndGlobalSection
	GlobalSection(SolutionProperties) = preSolution
		HideSolutionNode = FALSE
	EndGlobalSection
	GlobalSection(ExtensibilityGlobals) = postSolution
		SolutionGuid = {FD7BEE97-FD50-46A1-9832-40D5F68B0070}
	EndGlobalSection
EndGlobal
